
Microsoft Visual Studio Solution File, Format Version 12.00
# Visual Studio Version 17
VisualStudioVersion = 17.4.33403.182
MinimumVisualStudioVersion = 10.0.40219.1
Project("{FAE04EC0-301F-11D3-BF4B-00C04F79EFBC}") = "Generic-Repo-Pattern-Demo", "Generic-Repo-Pattern-Demo\Generic-Repo-Pattern-Demo.csproj", "{7A43C5CA-1CE8-497A-84DC-5F2DA61DABE2}"
EndProject
Global
	GlobalSection(SolutionConfigurationPlatforms) = preSolution
		Debug|Any CPU = Debug|Any CPU
		Release|Any CPU = Release|Any CPU
	EndGlobalSection
	GlobalSection(ProjectConfigurationPlatforms) = postSolution
		{7A43C5CA-1CE8-497A-84DC-5F2DA61DABE2}.Debug|Any CPU.ActiveCfg = Debug|Any CPU
		{7A43C5CA-1CE8-497A-84DC-5F2DA61DABE2}.Debug|Any CPU.Build.0 = Debug|Any CPU
		{7A43C5CA-1CE8-497A-84DC-5F2DA61DABE2}.Release|Any CPU.ActiveCfg = Release|Any CPU
		{7A43C5CA-1CE8-497A-84DC-5F2DA61DABE2}.Release|Any CPU.Build.0 = Release|Any CPU
	EndGlobalSection
	GlobalSection(SolutionProperties) = preSolution
		HideSolutionNode = FALSE
	EndGlobalSection
	GlobalSection(ExtensibilityGlobals) = postSolution
		SolutionGuid = {09FB58F1-CE22-41C7-977C-6CB5B45029DD}
	EndGlobalSection
EndGlobal
